
Microsoft Visual Studio Solution File, Format Version 12.00
# Visual Studio Version 16
VisualStudioVersion = 16.0.34931.43
MinimumVisualStudioVersion = 10.0.40219.1
Project("{FAE04EC0-301F-11D3-BF4B-00C04F79EFBC}") = "Gestor de imoveis", "Gestor de imoveis\Gestor de imoveis.csproj", "{B4A96B67-5013-4F87-87FD-2D58CAA3F53E}"
EndProject
Global
	GlobalSection(SolutionConfigurationPlatforms) = preSolution
		Debug|Any CPU = Debug|Any CPU
		Release|Any CPU = Release|Any CPU
	EndGlobalSection
	GlobalSection(ProjectConfigurationPlatforms) = postSolution
		{B4A96B67-5013-4F87-87FD-2D58CAA3F53E}.Debug|Any CPU.ActiveCfg = Debug|Any CPU
		{B4A96B67-5013-4F87-87FD-2D58CAA3F53E}.Debug|Any CPU.Build.0 = Debug|Any CPU
		{B4A96B67-5013-4F87-87FD-2D58CAA3F53E}.Release|Any CPU.ActiveCfg = Release|Any CPU
		{B4A96B67-5013-4F87-87FD-2D58CAA3F53E}.Release|Any CPU.Build.0 = Release|Any CPU
	EndGlobalSection
	GlobalSection(SolutionProperties) = preSolution
		HideSolutionNode = FALSE
	EndGlobalSection
	GlobalSection(ExtensibilityGlobals) = postSolution
		SolutionGuid = {877E6509-A1B5-47AA-8159-A1BD6CDF72AF}
	EndGlobalSection
EndGlobal
